// !$*UTF8*$!
{
	archiveVersion = 1;
	classes = {
	};
	objectVersion = 50;
	objects = {

/* Begin PBXBuildFile section */
		FAEAEC4825DA1DFB00618D6A /* AppDelegate.swift in Sources */ = {isa = PBXBuildFile; fileRef = FAEAEC4725DA1DFB00618D6A /* AppDelegate.swift */; };
		FAEAEC4A25DA1DFB00618D6A /* SceneDelegate.swift in Sources */ = {isa = PBXBuildFile; fileRef = FAEAEC4925DA1DFB00618D6A /* SceneDelegate.swift */; };
		FAEAEC4C25DA1DFB00618D6A /* ContentView.swift in Sources */ = {isa = PBXBuildFile; fileRef = FAEAEC4B25DA1DFB00618D6A /* ContentView.swift */; };
		FAEAEC4F25DA1DFC00618D6A /* ToDo_App.xcdatamodeld in Sources */ = {isa = PBXBuildFile; fileRef = FAEAEC4D25DA1DFC00618D6A /* ToDo_App.xcdatamodeld */; };
		FAEAEC5125DA1DFD00618D6A /* Assets.xcassets in Resources */ = {isa = PBXBuildFile; fileRef = FAEAEC5025DA1DFD00618D6A /* Assets.xcassets */; };
		FAEAEC5425DA1DFD00618D6A /* Preview Assets.xcassets in Resources */ = {isa = PBXBuildFile; fileRef = FAEAEC5325DA1DFD00618D6A /* Preview Assets.xcassets */; };
		FAEAEC5725DA1DFD00618D6A /* LaunchScreen.storyboard in Resources */ = {isa = PBXBuildFile; fileRef = FAEAEC5525DA1DFD00618D6A /* LaunchScreen.storyboard */; };
		FAEAEC6225DA1F0100618D6A /* AddTodoView.swift in Sources */ = {isa = PBXBuildFile; fileRef = FAEAEC6125DA1F0100618D6A /* AddTodoView.swift */; };
/* End PBXBuildFile section */

/* Begin PBXFileReference section */
		FAEAEC4425DA1DFB00618D6A /* ToDo App.app */ = {isa = PBXFileReference; explicitFileType = wrapper.application; includeInIndex = 0; path = "ToDo App.app"; sourceTree = BUILT_PRODUCTS_DIR; };
		FAEAEC4725DA1DFB00618D6A /* AppDelegate.swift */ = {isa = PBXFileReference; lastKnownFileType = sourcecode.swift; path = AppDelegate.swift; sourceTree = "<group>"; };
		FAEAEC4925DA1DFB00618D6A /* SceneDelegate.swift */ = {isa = PBXFileReference; lastKnownFileType = sourcecode.swift; path = SceneDelegate.swift; sourceTree = "<group>"; };
		FAEAEC4B25DA1DFB00618D6A /* ContentView.swift */ = {isa = PBXFileReference; lastKnownFileType = sourcecode.swift; path = ContentView.swift; sourceTree = "<group>"; };
		FAEAEC4E25DA1DFC00618D6A /* ToDo_App.xcdatamodel */ = {isa = PBXFileReference; lastKnownFileType = wrapper.xcdatamodel; path = ToDo_App.xcdatamodel; sourceTree = "<group>"; };
		FAEAEC5025DA1DFD00618D6A /* Assets.xcassets */ = {isa = PBXFileReference; lastKnownFileType = folder.assetcatalog; path = Assets.xcassets; sourceTree = "<group>"; };
		FAEAEC5325DA1DFD00618D6A /* Preview Assets.xcassets */ = {isa = PBXFileReference; lastKnownFileType = folder.assetcatalog; path = "Preview Assets.xcassets"; sourceTree = "<group>"; };
		FAEAEC5625DA1DFD00618D6A /* Base */ = {isa = PBXFileReference; lastKnownFileType = file.storyboard; name = Base; path = Base.lproj/LaunchScreen.storyboard; sourceTree = "<group>"; };
		FAEAEC5825DA1DFD00618D6A /* Info.plist */ = {isa = PBXFileReference; lastKnownFileType = text.plist.xml; path = Info.plist; sourceTree = "<group>"; };
		FAEAEC6125DA1F0100618D6A /* AddTodoView.swift */ = {isa = PBXFileReference; lastKnownFileType = sourcecode.swift; path = AddTodoView.swift; sourceTree = "<group>"; };
/* End PBXFileReference section */

/* Begin PBXFrameworksBuildPhase section */
		FAEAEC4125DA1DFB00618D6A /* Frameworks */ = {
			isa = PBXFrameworksBuildPhase;
			buildActionMask = 2147483647;
			files = (
			);
			runOnlyForDeploymentPostprocessing = 0;
		};
/* End PBXFrameworksBuildPhase section */

/* Begin PBXGroup section */
		FAEAEC3B25DA1DFB00618D6A = {
			isa = PBXGroup;
			children = (
				FAEAEC4625DA1DFB00618D6A /* ToDo App */,
				FAEAEC4525DA1DFB00618D6A /* Products */,
			);
			sourceTree = "<group>";
		};
		FAEAEC4525DA1DFB00618D6A /* Products */ = {
			isa = PBXGroup;
			children = (
				FAEAEC4425DA1DFB00618D6A /* ToDo App.app */,
			);
			name = Products;
			sourceTree = "<group>";
		};
		FAEAEC4625DA1DFB00618D6A /* ToDo App */ = {
			isa = PBXGroup;
			children = (
				FAEAEC5F25DA1E9400618D6A /* View */,
				FAEAEC4725DA1DFB00618D6A /* AppDelegate.swift */,
				FAEAEC4925DA1DFB00618D6A /* SceneDelegate.swift */,
				FAEAEC5025DA1DFD00618D6A /* Assets.xcassets */,
				FAEAEC5525DA1DFD00618D6A /* LaunchScreen.storyboard */,
				FAEAEC5825DA1DFD00618D6A /* Info.plist */,
				FAEAEC4D25DA1DFC00618D6A /* ToDo_App.xcdatamodeld */,
				FAEAEC5225DA1DFD00618D6A /* Preview Content */,
			);
			path = "ToDo App";
			sourceTree = "<group>";
		};
		FAEAEC5225DA1DFD00618D6A /* Preview Content */ = {
			isa = PBXGroup;
			children = (
				FAEAEC5325DA1DFD00618D6A /* Preview Assets.xcassets */,
			);
			path = "Preview Content";
			sourceTree = "<group>";
		};
		FAEAEC5F25DA1E9400618D6A /* View */ = {
			isa = PBXGroup;
			children = (
				FAEAEC4B25DA1DFB00618D6A /* ContentView.swift */,
				FAEAEC6125DA1F0100618D6A /* AddTodoView.swift */,
			);
			path = View;
			sourceTree = "<group>";
		};
/* End PBXGroup section */

/* Begin PBXNativeTarget section */
		FAEAEC4325DA1DFB00618D6A /* ToDo App */ = {
			isa = PBXNativeTarget;
			buildConfigurationList = FAEAEC5B25DA1DFD00618D6A /* Build configuration list for PBXNativeTarget "ToDo App" */;
			buildPhases = (
				FAEAEC4025DA1DFB00618D6A /* Sources */,
				FAEAEC4125DA1DFB00618D6A /* Frameworks */,
				FAEAEC4225DA1DFB00618D6A /* Resources */,
			);
			buildRules = (
			);
			dependencies = (
			);
			name = "ToDo App";
			productName = "ToDo App";
			productReference = FAEAEC4425DA1DFB00618D6A /* ToDo App.app */;
			productType = "com.apple.product-type.application";
		};
/* End PBXNativeTarget section */

/* Begin PBXProject section */
		FAEAEC3C25DA1DFB00618D6A /* Project object */ = {
			isa = PBXProject;
			attributes = {
				LastSwiftUpdateCheck = 1210;
				LastUpgradeCheck = 1210;
				TargetAttributes = {
					FAEAEC4325DA1DFB00618D6A = {
						CreatedOnToolsVersion = 12.1;
					};
				};
			};
			buildConfigurationList = FAEAEC3F25DA1DFB00618D6A /* Build configuration list for PBXProject "ToDo App" */;
			compatibilityVersion = "Xcode 9.3";
			developmentRegion = en;
			hasScannedForEncodings = 0;
			knownRegions = (
				en,
				Base,
			);
			mainGroup = FAEAEC3B25DA1DFB00618D6A;
			productRefGroup = FAEAEC4525DA1DFB00618D6A /* Products */;
			projectDirPath = "";
			projectRoot = "";
			targets = (
				FAEAEC4325DA1DFB00618D6A /* ToDo App */,
			);
		};
/* End PBXProject section */

/* Begin PBXResourcesBuildPhase section */
		FAEAEC4225DA1DFB00618D6A /* Resources */ = {
			isa = PBXResourcesBuildPhase;
			buildActionMask = 2147483647;
			files = (
				FAEAEC5725DA1DFD00618D6A /* LaunchScreen.storyboard in Resources */,
				FAEAEC5425DA1DFD00618D6A /* Preview Assets.xcassets in Resources */,
				FAEAEC5125DA1DFD00618D6A /* Assets.xcassets in Resources */,
			);
			runOnlyForDeploymentPostprocessing = 0;
		};
/* End PBXResourcesBuildPhase section */

/* Begin PBXSourcesBuildPhase section */
		FAEAEC4025DA1DFB00618D6A /* Sources */ = {
			isa = PBXSourcesBuildPhase;
			buildActionMask = 2147483647;
			files = (
				FAEAEC4825DA1DFB00618D6A /* AppDelegate.swift in Sources */,
				FAEAEC4A25DA1DFB00618D6A /* SceneDelegate.swift in Sources */,
				FAEAEC4C25DA1DFB00618D6A /* ContentView.swift in Sources */,
				FAEAEC4F25DA1DFC00618D6A /* ToDo_App.xcdatamodeld in Sources */,
				FAEAEC6225DA1F0100618D6A /* AddTodoView.swift in Sources */,
			);
			runOnlyForDeploymentPostprocessing = 0;
		};
/* End PBXSourcesBuildPhase section */

/* Begin PBXVariantGroup section */
		FAEAEC5525DA1DFD00618D6A /* LaunchScreen.storyboard */ = {
			isa = PBXVariantGroup;
			children = (
				FAEAEC5625DA1DFD00618D6A /* Base */,
			);
			name = LaunchScreen.storyboard;
			sourceTree = "<group>";
		};
/* End PBXVariantGroup section */

/* Begin XCBuildConfiguration section */
		FAEAEC5925DA1DFD00618D6A /* Debug */ = {
			isa = XCBuildConfiguration;
			buildSettings = {
				ALWAYS_SEARCH_USER_PATHS = NO;
				CLANG_ANALYZER_NONNULL = YES;
				CLANG_ANALYZER_NUMBER_OBJECT_CONVERSION = YES_AGGRESSIVE;
				CLANG_CXX_LANGUAGE_STANDARD = "gnu++14";
				CLANG_CXX_LIBRARY = "libc++";
				CLANG_ENABLE_MODULES = YES;
				CLANG_ENABLE_OBJC_ARC = YES;
				CLANG_ENABLE_OBJC_WEAK = YES;
				CLANG_WARN_BLOCK_CAPTURE_AUTORELEASING = YES;
				CLANG_WARN_BOOL_CONVERSION = YES;
				CLANG_WARN_COMMA = YES;
				CLANG_WARN_CONSTANT_CONVERSION = YES;
				CLANG_WARN_DEPRECATED_OBJC_IMPLEMENTATIONS = YES;
				CLANG_WARN_DIRECT_OBJC_ISA_USAGE = YES_ERROR;
				CLANG_WARN_DOCUMENTATION_COMMENTS = YES;
				CLANG_WARN_EMPTY_BODY = YES;
				CLANG_WARN_ENUM_CONVERSION = YES;
				CLANG_WARN_INFINITE_RECURSION = YES;
				CLANG_WARN_INT_CONVERSION = YES;
				CLANG_WARN_NON_LITERAL_NULL_CONVERSION = YES;
				CLANG_WARN_OBJC_IMPLICIT_RETAIN_SELF = YES;
				CLANG_WARN_OBJC_LITERAL_CONVERSION = YES;
				CLANG_WARN_OBJC_ROOT_CLASS = YES_ERROR;
				CLANG_WARN_QUOTED_INCLUDE_IN_FRAMEWORK_HEADER = YES;
				CLANG_WARN_RANGE_LOOP_ANALYSIS = YES;
				CLANG_WARN_STRICT_PROTOTYPES = YES;
				CLANG_WARN_SUSPICIOUS_MOVE = YES;
				CLANG_WARN_UNGUARDED_AVAILABILITY = YES_AGGRESSIVE;
				CLANG_WARN_UNREACHABLE_CODE = YES;
				CLANG_WARN__DUPLICATE_METHOD_MATCH = YES;
				COPY_PHASE_STRIP = NO;
				DEBUG_INFORMATION_FORMAT = dwarf;
				ENABLE_STRICT_OBJC_MSGSEND = YES;
				ENABLE_TESTABILITY = YES;
				GCC_C_LANGUAGE_STANDARD = gnu11;
				GCC_DYNAMIC_NO_PIC = NO;
				GCC_NO_COMMON_BLOCKS = YES;
				GCC_OPTIMIZATION_LEVEL = 0;
				GCC_PREPROCESSOR_DEFINITIONS = (
					"DEBUG=1",
					"$(inherited)",
				);
				GCC_WARN_64_TO_32_BIT_CONVERSION = YES;
				GCC_WARN_ABOUT_RETURN_TYPE = YES_ERROR;
				GCC_WARN_UNDECLARED_SELECTOR = YES;
				GCC_WARN_UNINITIALIZED_AUTOS = YES_AGGRESSIVE;
				GCC_WARN_UNUSED_FUNCTION = YES;
				GCC_WARN_UNUSED_VARIABLE = YES;
				IPHONEOS_DEPLOYMENT_TARGET = 14.1;
				MTL_ENABLE_DEBUG_INFO = INCLUDE_SOURCE;
				MTL_FAST_MATH = YES;
				ONLY_ACTIVE_ARCH = YES;
				SDKROOT = iphoneos;
				SWIFT_ACTIVE_COMPILATION_CONDITIONS = DEBUG;
				SWIFT_OPTIMIZATION_LEVEL = "-Onone";
			};
			name = Debug;
		};
		FAEAEC5A25DA1DFD00618D6A /* Release */ = {
			isa = XCBuildConfiguration;
			buildSettings = {
				ALWAYS_SEARCH_USER_PATHS = NO;
				CLANG_ANALYZER_NONNULL = YES;
				CLANG_ANALYZER_NUMBER_OBJECT_CONVERSION = YES_AGGRESSIVE;
				CLANG_CXX_LANGUAGE_STANDARD = "gnu++14";
				CLANG_CXX_LIBRARY = "libc++";
				CLANG_ENABLE_MODULES = YES;
				CLANG_ENABLE_OBJC_ARC = YES;
				CLANG_ENABLE_OBJC_WEAK = YES;
				CLANG_WARN_BLOCK_CAPTURE_AUTORELEASING = YES;
				CLANG_WARN_BOOL_CONVERSION = YES;
				CLANG_WARN_COMMA = YES;
				CLANG_WARN_CONSTANT_CONVERSION = YES;
				CLANG_WARN_DEPRECATED_OBJC_IMPLEMENTATIONS = YES;
				CLANG_WARN_DIRECT_OBJC_ISA_USAGE = YES_ERROR;
				CLANG_WARN_DOCUMENTATION_COMMENTS = YES;
				CLANG_WARN_EMPTY_BODY = YES;
				CLANG_WARN_ENUM_CONVERSION = YES;
				CLANG_WARN_INFINITE_RECURSION = YES;
				CLANG_WARN_INT_CONVERSION = YES;
				CLANG_WARN_NON_LITERAL_NULL_CONVERSION = YES;
				CLANG_WARN_OBJC_IMPLICIT_RETAIN_SELF = YES;
				CLANG_WARN_OBJC_LITERAL_CONVERSION = YES;
				CLANG_WARN_OBJC_ROOT_CLASS = YES_ERROR;
				CLANG_WARN_QUOTED_INCLUDE_IN_FRAMEWORK_HEADER = YES;
				CLANG_WARN_RANGE_LOOP_ANALYSIS = YES;
				CLANG_WARN_STRICT_PROTOTYPES = YES;
				CLANG_WARN_SUSPICIOUS_MOVE = YES;
				CLANG_WARN_UNGUARDED_AVAILABILITY = YES_AGGRESSIVE;
				CLANG_WARN_UNREACHABLE_CODE = YES;
				CLANG_WARN__DUPLICATE_METHOD_MATCH = YES;
				COPY_PHASE_STRIP = NO;
				DEBUG_INFORMATION_FORMAT = "dwarf-with-dsym";
				ENABLE_NS_ASSERTIONS = NO;
				ENABLE_STRICT_OBJC_MSGSEND = YES;
				GCC_C_LANGUAGE_STANDARD = gnu11;
				GCC_NO_COMMON_BLOCKS = YES;
				GCC_WARN_64_TO_32_BIT_CONVERSION = YES;
				GCC_WARN_ABOUT_RETURN_TYPE = YES_ERROR;
				GCC_WARN_UNDECLARED_SELECTOR = YES;
				GCC_WARN_UNINITIALIZED_AUTOS = YES_AGGRESSIVE;
				GCC_WARN_UNUSED_FUNCTION = YES;
				GCC_WARN_UNUSED_VARIABLE = YES;
				IPHONEOS_DEPLOYMENT_TARGET = 14.1;
				MTL_ENABLE_DEBUG_INFO = NO;
				MTL_FAST_MATH = YES;
				SDKROOT = iphoneos;
				SWIFT_COMPILATION_MODE = wholemodule;
				SWIFT_OPTIMIZATION_LEVEL = "-O";
				VALIDATE_PRODUCT = YES;
			};
			name = Release;
		};
		FAEAEC5C25DA1DFD00618D6A /* Debug */ = {
			isa = XCBuildConfiguration;
			buildSettings = {
				ASSETCATALOG_COMPILER_APPICON_NAME = AppIcon;
				ASSETCATALOG_COMPILER_GLOBAL_ACCENT_COLOR_NAME = AccentColor;
				CODE_SIGN_STYLE = Automatic;
				DEVELOPMENT_ASSET_PATHS = "\"ToDo App/Preview Content\"";
				DEVELOPMENT_TEAM = LVTA73747P;
				ENABLE_PREVIEWS = YES;
				INFOPLIST_FILE = "ToDo App/Info.plist";
				LD_RUNPATH_SEARCH_PATHS = (
					"$(inherited)",
					"@executable_path/Frameworks",
				);
				PRODUCT_BUNDLE_IDENTIFIER = "net.ahnaf.ToDo-App";
				PRODUCT_NAME = "$(TARGET_NAME)";
				SWIFT_VERSION = 5.0;
				TARGETED_DEVICE_FAMILY = "1,2";
			};
			name = Debug;
		};
		FAEAEC5D25DA1DFD00618D6A /* Release */ = {
			isa = XCBuildConfiguration;
			buildSettings = {
				ASSETCATALOG_COMPILER_APPICON_NAME = AppIcon;
				ASSETCATALOG_COMPILER_GLOBAL_ACCENT_COLOR_NAME = AccentColor;
				CODE_SIGN_STYLE = Automatic;
				DEVELOPMENT_ASSET_PATHS = "\"ToDo App/Preview Content\"";
				DEVELOPMENT_TEAM = LVTA73747P;
				ENABLE_PREVIEWS = YES;
				INFOPLIST_FILE = "ToDo App/Info.plist";
				LD_RUNPATH_SEARCH_PATHS = (
					"$(inherited)",
					"@executable_path/Frameworks",
				);
				PRODUCT_BUNDLE_IDENTIFIER = "net.ahnaf.ToDo-App";
				PRODUCT_NAME = "$(TARGET_NAME)";
				SWIFT_VERSION = 5.0;
				TARGETED_DEVICE_FAMILY = "1,2";
			};
			name = Release;
		};
/* End XCBuildConfiguration section */

/* Begin XCConfigurationList section */
		FAEAEC3F25DA1DFB00618D6A /* Build configuration list for PBXProject "ToDo App" */ = {
			isa = XCConfigurationList;
			buildConfigurations = (
				FAEAEC5925DA1DFD00618D6A /* Debug */,
				FAEAEC5A25DA1DFD00618D6A /* Release */,
			);
			defaultConfigurationIsVisible = 0;
			defaultConfigurationName = Release;
		};
		FAEAEC5B25DA1DFD00618D6A /* Build configuration list for PBXNativeTarget "ToDo App" */ = {
			isa = XCConfigurationList;
			buildConfigurations = (
				FAEAEC5C25DA1DFD00618D6A /* Debug */,
				FAEAEC5D25DA1DFD00618D6A /* Release */,
			);
			defaultConfigurationIsVisible = 0;
			defaultConfigurationName = Release;
		};
/* End XCConfigurationList section */

/* Begin XCVersionGroup section */
		FAEAEC4D25DA1DFC00618D6A /* ToDo_App.xcdatamodeld */ = {
			isa = XCVersionGroup;
			children = (
				FAEAEC4E25DA1DFC00618D6A /* ToDo_App.xcdatamodel */,
			);
			currentVersion = FAEAEC4E25DA1DFC00618D6A /* ToDo_App.xcdatamodel */;
			path = ToDo_App.xcdatamodeld;
			sourceTree = "<group>";
			versionGroupType = wrapper.xcdatamodel;
		};
/* End XCVersionGroup section */
	};
	rootObject = FAEAEC3C25DA1DFB00618D6A /* Project object */;
}
